lockfileVersion: '9.0'

settings:
  autoInstallPeers: true
  excludeLinksFromLockfile: false

importers:

  .:
    dependencies:
      '@nutui/icons-react':
        specifier: ^1.0.4
        version: 1.0.4
      '@nutui/nutui-react':
        specifier: ^2.6.0
        version: 2.6.0(react-dom@18.2.0(react@18.2.0))(react@18.2.0)
      react:
        specifier: ^18.2.0
        version: 18.2.0
      react-dom:
        specifier: ^18.2.0
        version: 18.2.0(react@18.2.0)
    devDependencies:
      '@rsbuild/core':
        specifier: ^0.6.3
        version: 0.6.3
      '@rsbuild/plugin-react':
        specifier: ^0.6.3
        version: 0.6.3(@rsbuild/core@0.6.3)(@swc/helpers@0.5.3)
      '@types/react':
        specifier: ^18
        version: 18.2.37
      '@types/react-dom':
        specifier: ^18
        version: 18.2.15
      typescript:
        specifier: ^5.4.5
        version: 5.4.5

packages:

  '@babel/runtime@7.24.4':
    resolution: {integrity: sha512-dkxf7+hn8mFBwKjs9bvBlArzLVxVbS8usaPUDd5p2a9JCL9tB8OaOVN1isD4+Xyk4ns89/xeOmbQvgdK7IIVdA==}
    engines: {node: '>=6.9.0'}

  '@module-federation/runtime-tools@0.1.6':
    resolution: {integrity: sha512-7ILVnzMIa0Dlc0Blck5tVZG1tnk1MmLnuZpLOMpbdW+zl+N6wdMjjHMjEZFCUAJh2E5XJ3BREwfX8Ets0nIkLg==}

  '@module-federation/runtime@0.1.6':
    resolution: {integrity: sha512-nj6a+yJ+QxmcE89qmrTl4lphBIoAds0PFPVGnqLRWflwAP88jrCcrrTqRhARegkFDL+wE9AE04+h6jzlbIfMKg==}

  '@module-federation/sdk@0.1.6':
    resolution: {integrity: sha512-qifXpyYLM7abUeEOIfv0oTkguZgRZuwh89YOAYIZJlkP6QbRG7DJMQvtM8X2yHXm9PTk0IYNnOJH0vNQCo6auQ==}

  '@module-federation/webpack-bundler-runtime@0.1.6':
    resolution: {integrity: sha512-K5WhKZ4RVNaMEtfHsd/9CNCgGKB0ipbm/tgweNNeC11mEuBTNxJ09Y630vg3WPkKv9vfMCuXg2p2Dk+Q/KWTSA==}

  '@nutui/icons-react@1.0.4':
    resolution: {integrity: sha512-nLFYpJvMBkKzT+PpfMaYoO6vJXMTM0yxAragTkEHt9HAFNjdTdvByCSRfUazHHdLdr1AJxS9h62VB1+jmBEtWA==}

  '@nutui/nutui-react@2.6.0':
    resolution: {integrity: sha512-4/nfZ/br4mu7m+8qm4EsaO++Mxlxr5tpAEmEsgFghaxeZ2lZLcftJ7e7INzk8tV3IJuKMq7eA/J/BLbbrJldIA==}
    peerDependencies:
      react: ^16.8.0 || ^17.0.0 || ^18.0.0

  '@nutui/touch-emulator@1.0.0':
    resolution: {integrity: sha512-k2hvI/9LlRA7Ph1Chni27pTuvPmKPt+/I10sWWd2sWzqiCOYRerD79eIwCMRGUF/q6WVDEKVnv00t9CEUL4sPA==}

  '@react-spring/animated@9.6.1':
    resolution: {integrity: sha512-ls/rJBrAqiAYozjLo5EPPLLOb1LM0lNVQcXODTC1SMtS6DbuBCPaKco5svFUQFMP2dso3O+qcC4k9FsKc0KxMQ==}
    peerDependencies:
      react: ^16.8.0 || ^17.0.0 || ^18.0.0

  '@react-spring/core@9.6.1':
    resolution: {integrity: sha512-3HAAinAyCPessyQNNXe5W0OHzRfa8Yo5P748paPcmMowZ/4sMfaZ2ZB6e5x5khQI8NusOHj8nquoutd6FRY5WQ==}
    peerDependencies:
      react: ^16.8.0 || ^17.0.0 || ^18.0.0

  '@react-spring/rafz@9.6.1':
    resolution: {integrity: sha512-v6qbgNRpztJFFfSE3e2W1Uz+g8KnIBs6SmzCzcVVF61GdGfGOuBrbjIcp+nUz301awVmREKi4eMQb2Ab2gGgyQ==}

  '@react-spring/shared@9.6.1':
    resolution: {integrity: sha512-PBFBXabxFEuF8enNLkVqMC9h5uLRBo6GQhRMQT/nRTnemVENimgRd+0ZT4yFnAQ0AxWNiJfX3qux+bW2LbG6Bw==}
    peerDependencies:
      react: ^16.8.0 || ^17.0.0 || ^18.0.0

  '@react-spring/types@9.6.1':
    resolution: {integrity: sha512-POu8Mk0hIU3lRXB3bGIGe4VHIwwDsQyoD1F394OK7STTiX9w4dG3cTLljjYswkQN+hDSHRrj4O36kuVa7KPU8Q==}

  '@react-spring/web@9.6.1':
    resolution: {integrity: sha512-X2zR6q2Z+FjsWfGAmAXlQaoUHbPmfuCaXpuM6TcwXPpLE1ZD4A1eys/wpXboFQmDkjnrlTmKvpVna1MjWpZ5Hw==}
    peerDependencies:
      react: ^16.8.0 || ^17.0.0 || ^18.0.0
      react-dom: ^16.8.0 || ^17.0.0 || ^18.0.0

  '@rsbuild/core@0.6.3':
    resolution: {integrity: sha512-z5hnyrpCsxItwB3ciai/nJNFTJuIrWijB/2leGay9yYZVcLgMssuUekP9Q7RDk//xdfo2xVzQ5AH55+iH2wpPw==}
    engines: {node: '>=16.0.0'}
    hasBin: true

  '@rsbuild/plugin-react@0.6.3':
    resolution: {integrity: sha512-djtZzjw8KVpfwXWP+3Z7N66CAjV4RHjamOfZB2O64/CaPlzmsITbvmnYdQj7mRX6V2v7sYSPqjznyNE/GtOanA==}
    peerDependencies:
      '@rsbuild/core': ^0.6.3

  '@rsbuild/shared@0.6.3':
    resolution: {integrity: sha512-TiGZG4k2uSfJUuv/z67Aee/9tr9g7Xjm+bU5enM44YRPIEMTBX0lXL9Bi7Uh5qcNxGvcun8o1hxoPibF/KqiXg==}

  '@rspack/binding-darwin-arm64@0.6.2':
    resolution: {integrity: sha512-2+fpr27wJXVMsY441NRonws/e9RKBUWYX7onc0lFKVg/ZSmEfHWyrygcit/dpghIYQw9NJl5SiPGIPcIYeZd4w==}
    cpu: [arm64]
    os: [darwin]

  '@rspack/binding-darwin-x64@0.6.2':
    resolution: {integrity: sha512-q9m+10CZEmElqYoZNSN0V/kNBv1QMjHA7X+93GxtFa2hC7u/zfy80w0EFwSWV/6s5Z7wygmOHH72GAquuRZJUg==}
    cpu: [x64]
    os: [darwin]

  '@rspack/binding-linux-arm64-gnu@0.6.2':
    resolution: {integrity: sha512-F13+1zk8KUagizuvSjh7A83FxF3R/b6+yRIMln7TuV0DQ42JV8H48q/tU8+wI+KqdsNgj2yO8LZjqOQ994k4ow==}
    cpu: [arm64]
    os: [linux]
    libc: [glibc]

  '@rspack/binding-linux-arm64-musl@0.6.2':
    resolution: {integrity: sha512-1IyPH6hQreOvcNZmwK4XD8E5NEYqrtzKvsUPB13AV3+mO1EHxhnwQ7Dtk82mqwtaTTUPXJRREp+UNjwUTeJ6bA==}
    cpu: [arm64]
    os: [linux]
    libc: [musl]

  '@rspack/binding-linux-x64-gnu@0.6.2':
    resolution: {integrity: sha512-NbqU05wIy1qC+66qlQjE9Zo4oAd70lZRgfO8iuLvon0GxG7plpffefhsAoAsh5vFg17ac6NWdwUUzWImYv2jhQ==}
    cpu: [x64]
    os: [linux]
    libc: [glibc]

  '@rspack/binding-linux-x64-musl@0.6.2':
    resolution: {integrity: sha512-K18x2AR1UiABqJMTlB/mXPytdc9dk0tQuQyJ3hH+gxhYI6T6w22p+hQWq1T9vJsIIk2P693YrfXR66mRFiknsw==}
    cpu: [x64]
    os: [linux]
    libc: [musl]

  '@rspack/binding-win32-arm64-msvc@0.6.2':
    resolution: {integrity: sha512-00FdIoh2X8zt2i07R89zyI0HONof91PiM5JgY8BAfSPur+M9Uj7stqYHezr0KtVdgH2sASMURFGmgcz62pLViw==}
    cpu: [arm64]
    os: [win32]

  '@rspack/binding-win32-ia32-msvc@0.6.2':
    resolution: {integrity: sha512-ZU43j+iicnDrTsu/Wrw/18E+zUTFCfTUdq2BlaKH8yxhJVYqPHFjQo64p/7djULeZVchZU4uGuu00oovEHl/zg==}
    cpu: [ia32]
    os: [win32]

  '@rspack/binding-win32-x64-msvc@0.6.2':
    resolution: {integrity: sha512-1Ycfry5nk5SMDYOjlOmVXf4tJHOp2H2Wwupf5j2pUYPD9lyETt7O7GIQbdCLOcBLuyt0OSscDARTcqGlLw27gQ==}
    cpu: [x64]
    os: [win32]

  '@rspack/binding@0.6.2':
    resolution: {integrity: sha512-1LVccU/LRIMqp2g1ct2ebDS1DL7MnBlQNcUGf3szIiDsYXuGe3Pk4qdiLbVLzBQoDQFYKJmIgmUA1UkKZ5UN5g==}

  '@rspack/core@0.6.2':
    resolution: {integrity: sha512-1IggX3FZM4bVhUWhBIeUroiyOH05fBFIT3gvanpXIE00yMbp1exFjkfko5HmQ6e5FQrIvcNEBoQ2QyIYzu0vOw==}
    engines: {node: '>=16.0.0'}
    peerDependencies:
      '@swc/helpers': '>=0.5.1'
    peerDependenciesMeta:
      '@swc/helpers':
        optional: true

  '@rspack/plugin-react-refresh@0.6.2':
    resolution: {integrity: sha512-5k8oORBBhV/J8vvV2CUtK/X3q+puv2sMTfjKTjfNlfakLF/FoMj2SiCbUk3XmakimnPTsSrKv2w5MNvgqCaU7w==}
    peerDependencies:
      react-refresh: '>=0.10.0 <1.0.0'
    peerDependenciesMeta:
      react-refresh:
        optional: true

  '@swc/helpers@0.5.3':
    resolution: {integrity: sha512-FaruWX6KdudYloq1AHD/4nU+UsMTdNE8CKyrseXWEcgjDAbvkwJg2QGPAnfIJLIWsjZOSPLOAykK6fuYp4vp4A==}

  '@types/prop-types@15.7.11':
    resolution: {integrity: sha512-ga8y9v9uyeiLdpKddhxYQkxNDrfvuPrlFb0N1qnZZByvcElJaXthF1UhvCh9TLWJBEHeNtdnbysW7Y6Uq8CVng==}

  '@types/react-dom@18.2.15':
    resolution: {integrity: sha512-HWMdW+7r7MR5+PZqJF6YFNSCtjz1T0dsvo/f1BV6HkV+6erD/nA7wd9NM00KVG83zf2nJ7uATPO9ttdIPvi3gg==}

  '@types/react@18.2.37':
    resolution: {integrity: sha512-RGAYMi2bhRgEXT3f4B92WTohopH6bIXw05FuGlmJEnv/omEn190+QYEIYxIAuIBdKgboYYdVved2p1AxZVQnaw==}

  '@types/scheduler@0.16.7':
    resolution: {integrity: sha512-8g25Nl3AuB1KulTlSUsUhUo/oBgBU6XIXQ+XURpeioEbEJvkO7qI4vDfREv3vJYHHzqXjcAHvoJy4pTtSQNZtA==}

  '@use-gesture/core@10.2.20':
    resolution: {integrity: sha512-4lFhHc8so4yIHkBEs641DnEsBxPyhJ5GEjB4PURFDH4p/FcZriH6w99knZgI63zN/MBFfylMyb8+PDuj6RIXKQ==}

  '@use-gesture/react@10.2.20':
    resolution: {integrity: sha512-KnJq9ZSqprWA6uNhWTUHZqTCh+rfa0j8ehTzqeBhktUPrmTj7yVOBvEQ/vSFU/7d72cGgWSsJ0f5T6GQCHXnvg==}
    peerDependencies:
      react: '>= 16.8.0'

  async-validator@4.2.5:
    resolution: {integrity: sha512-7HhHjtERjqlNbZtqNqy2rckN/SpOOlmDliet+lP7k+eKZEjPk3DgyeU9lIXLdeLz0uBbbVp+9Qdow9wJWgwwfg==}

  browserslist@4.22.1:
    resolution: {integrity: sha512-FEVc202+2iuClEhZhrWy6ZiAcRLvNMyYcxZ8raemul1DYVOVdFsbqckWLdsixQZCpJlwe77Z3UTalE7jsjnKfQ==}
    engines: {node: ^6 || ^7 || ^8 || ^9 || ^10 || ^11 || ^12 || >=13.7}
    hasBin: true

  caniuse-lite@1.0.30001563:
    resolution: {integrity: sha512-na2WUmOxnwIZtwnFI2CZ/3er0wdNzU7hN+cPYz/z2ajHThnkWjNBOpEPP4n+4r2WPM847JaMotaJE3bnfzjyKw==}

  caniuse-lite@1.0.30001610:
    resolution: {integrity: sha512-QFutAY4NgaelojVMjY63o6XlZyORPaLfyMnsl3HgnWdJUcX6K0oaJymHjH8PT5Gk7sTm8rvC/c5COUQKXqmOMA==}

  classnames@2.5.1:
    resolution: {integrity: sha512-saHYOzhIQs6wy2sVxTM6bUDsQO4F50V9RQ22qBpEdCW+I+/Wmke2HOl6lS6dTpdxVhb88/I6+Hs+438c3lfUow==}

  core-js@3.36.1:
    resolution: {integrity: sha512-BTvUrwxVBezj5SZ3f10ImnX2oRByMxql3EimVqMysepbC9EeMUOpLwdy6Eoili2x6E4kf+ZUB5k/+Jv55alPfA==}

  csstype@3.1.2:
    resolution: {integrity: sha512-I7K1Uu0MBPzaFKg4nI5Q7Vs2t+3gWWW648spaF+Rg7pI9ds18Ugn+lvg4SHczUdKlHI5LWBXyqfS8+DufyBsgQ==}

  dom-helpers@5.2.1:
    resolution: {integrity: sha512-nRCa7CK3VTrM2NmGkIy4cbK7IZlgBE/PYMn55rrXefr5xXDP0LdtfPnblFDoVdcAfslJ7or6iqAUnx0CCGIWQA==}

  electron-to-chromium@1.4.589:
    resolution: {integrity: sha512-zF6y5v/YfoFIgwf2dDfAqVlPPsyQeWNpEWXbAlDUS8Ax4Z2VoiiZpAPC0Jm9hXEkJm2vIZpwB6rc4KnLTQffbQ==}

  enhanced-resolve@5.12.0:
    resolution: {integrity: sha512-QHTXI/sZQmko1cbDoNAa3mJ5qhWUUNAq3vR0/YiD379fWQrcfuoX1+HW2S0MTt7XmoPLapdaDKUtelUSPic7hQ==}
    engines: {node: '>=10.13.0'}

  escalade@3.1.1:
    resolution: {integrity: sha512-k0er2gUkLf8O0zKJiAhmkTnJlTvINGv7ygDNPbeIsX/TJjGJZHuh9B2UxbsaEkmlEo9MfhrSzmhIlhRlI2GXnw==}
    engines: {node: '>=6'}

  events@3.3.0:
    resolution: {integrity: sha512-mQw+2fkQbALzQ7V0MY0IqdnXNOeTtP4r0lN9z7AAawCXgqea7bDii20AYrIBrFd/Hx0M2Ocz6S111CaFkUcb0Q==}
    engines: {node: '>=0.8.x'}

  glob-to-regexp@0.4.1:
    resolution: {integrity: sha512-lkX1HJXwyMcprw/5YUZc2s7DrpAiHB21/V+E1rHUrVNokkvB6bqMzT0VfV6/86ZNabt1k14YOIaT7nDvOX3Iiw==}

  graceful-fs@4.2.10:
    resolution: {integrity: sha512-9ByhssR2fPVsNZj478qUUbKfmL0+t5BDVyjShtyZZLiK7ZDAArFFfopyOTj0M05wE2tJPisA4iTnnXl2YoPvOA==}

  graceful-fs@4.2.11:
    resolution: {integrity: sha512-RbJ5/jmFcNNCcDV5o9eTnBLJ/HszWV0P73bc+Ff4nS/rJj+YaS6IGyiOL0VoBYX+l1Wrl3k63h/KrH+nhJ0XvQ==}

  html-rspack-plugin@5.6.2:
    resolution: {integrity: sha512-cPGwV3odvKJ7DBAG/DxF5e0nMMvBl1zGfyDciT2xMETRrIwajwC7LtEB3cf7auoGMK6xJOOLjWJgaKHLu/FzkQ==}
    engines: {node: '>=10.13.0'}
    peerDependencies:
      '@rspack/core': 0.x || 1.x
    peerDependenciesMeta:
      '@rspack/core':
        optional: true

  js-tokens@4.0.0:
    resolution: {integrity: sha512-RdJUflcE3cUzKiMqQgsCu06FPu9UdIJO0beYbPhHN4k6apgJtifcoCtT9bcxOpYBtpD2kCM6Sbzg4CausW/PKQ==}

  json-parse-even-better-errors@3.0.0:
    resolution: {integrity: sha512-iZbGHafX/59r39gPwVPRBGw0QQKnA7tte5pSMrhWOW7swGsVvVTjmfyAV9pNqk8YGT7tRCdxRu8uzcgZwoDooA==}
    engines: {node: ^14.17.0 || ^16.13.0 || >=18.0.0}

  lodash.isequal@4.5.0:
    resolution: {integrity: sha512-pDo3lu8Jhfjqls6GkMgpahsF9kCyayhgykjyLMNFTKWrpVdAQtYyB4muAMWozBB4ig/dtWAmsMxLEI8wuz+DYQ==}

  lodash.kebabcase@4.1.1:
    resolution: {integrity: sha512-N8XRTIMMqqDgSy4VLKPnJ/+hpGZN+PHQiJnSenYqPaVV/NCqEogTnAdZLQiGKhxX+JCs8waWq2t1XHWKOmlY8g==}

  lodash@4.17.21:
    resolution: {integrity: sha512-v2kDEe57lecTulaDIuNTPy3Ry4gLGJ6Z1O3vE1krgXZNrsQ+LFTGHVxVjcXPs17LhbZVGedAJv8XZ1tvj5FvSg==}

  loose-envify@1.4.0:
    resolution: {integrity: sha512-lyuxPGr/Wfhrlem2CL/UcnUc1zcqKAImBDzukY7Y5F/yQiNdko6+fRLevlw1HgMySw7f611UIY408EtxRSoK3Q==}
    hasBin: true

  nanoid@3.3.7:
    resolution: {integrity: sha512-eSRppjcPIatRIMC1U6UngP8XFcz8MQWGQdt1MTBQ7NaAmvXDfvNxbvWV3x2y6CdEUciCSsDHDQZbhYaB8QEo2g==}
    engines: {node: ^10 || ^12 || ^13.7 || ^14 || >=15.0.1}
    hasBin: true

  neo-async@2.6.2:
    resolution: {integrity: sha512-Yd3UES5mWCSqR+qNT93S3UoYUkqAZ9lLg8a7g9rimsWmYGK8cVToA4/sF3RrshdyV3sAGMXVUmpMYOw+dLpOuw==}

  node-releases@2.0.13:
    resolution: {integrity: sha512-uYr7J37ae/ORWdZeQ1xxMJe3NtdmqMC/JZK+geofDrkLUApKRHPd18/TxtBOJ4A0/+uUIliorNrfYV6s1b02eQ==}

  object-assign@4.1.1:
    resolution: {integrity: sha512-rJgTQnkUnH1sFw8yT6VSU3zD3sWmu6sZhIseY8VX+GRu3P6F7Fu+JNDoXfklElbLJSnc3FUQHVe4cU5hj+BcUg==}
    engines: {node: '>=0.10.0'}

  picocolors@1.0.0:
    resolution: {integrity: sha512-1fygroTLlHu66zi26VoTDv8yRgm0Fccecssto+MhsZ0D/DGW2sm8E8AjW7NU5VVTRt5GxbeZ5qBuJr+HyLYkjQ==}

  postcss@8.4.38:
    resolution: {integrity: sha512-Wglpdk03BSfXkHoQa3b/oulrotAkwrlLDRSOb9D0bN86FdRyE9lppSp33aHNPgBa0JKCoB+drFLZkQoRRYae5A==}
    engines: {node: ^10 || ^12 || >=14}

  prop-types@15.8.1:
    resolution: {integrity: sha512-oj87CgZICdulUohogVAR7AjlC0327U4el4L6eAvOqCeudMDVU0NThNaV+b9Df4dXgSP1gXMTnPdhfe/2qDH5cg==}

  react-dom@18.2.0:
    resolution: {integrity: sha512-6IMTriUmvsjHUjNtEDudZfuDQUoWXVxKHhlEGSk81n4YFS+r/Kl99wXiwlVXtPBtJenozv2P+hxDsw9eA7Xo6g==}
    peerDependencies:
      react: ^18.2.0

  react-is@16.13.1:
    resolution: {integrity: sha512-24e6ynE2H+OKt4kqsOvNd8kBpV65zoxbA4BVsEOB3ARVWQki/DHzaUoC5KuON/BiccDaCCTZBuOcfZs70kR8bQ==}

  react-refresh@0.14.0:
    resolution: {integrity: sha512-wViHqhAd8OHeLS/IRMJjTSDHF3U9eWi62F/MledQGPdJGDhodXJ9PBLNGr6WWL7qlH12Mt3TyTpbS+hGXMjCzQ==}
    engines: {node: '>=0.10.0'}

  react-transition-group@4.4.5:
    resolution: {integrity: sha512-pZcd1MCJoiKiBR2NRxeCRg13uCXbydPnmB4EOeRrY7480qNWO8IIgQG6zlDkm6uRMsURXPuKq0GWtiM59a5Q6g==}
    peerDependencies:
      react: '>=16.6.0'
      react-dom: '>=16.6.0'

  react@18.2.0:
    resolution: {integrity: sha512-/3IjMdb2L9QbBdWiW5e3P2/npwMBaU9mHCSCUzNln0ZCYbcfTsGbTJrU/kGemdH2IWmB2ioZ+zkxtmq6g09fGQ==}
    engines: {node: '>=0.10.0'}

  regenerator-runtime@0.14.0:
    resolution: {integrity: sha512-srw17NI0TUWHuGa5CFGGmhfNIeja30WMBfbslPNhf6JrqQlLN5gcrvig1oqPxiVaXb0oW0XRKtH6Nngs5lKCIA==}

  scheduler@0.23.0:
    resolution: {integrity: sha512-CtuThmgHNg7zIZWAXi3AsyIzA3n4xx7aNyjwC2VJldO2LMVDhFK+63xGqq6CsJH4rTAt6/M+N4GhZiDYPx9eUw==}

  source-map-js@1.2.0:
    resolution: {integrity: sha512-itJW8lvSA0TXEphiRoawsCksnlf8SyvmFzIhltqAHluXd88pkCd+cXJVHTDwdCr0IzwptSm035IHQktUu1QUMg==}
    engines: {node: '>=0.10.0'}

  tapable@2.2.1:
    resolution: {integrity: sha512-GNzQvQTOIP6RyTfE2Qxb8ZVlNmw0n88vp1szwWRimP02mnTsx3Wtn5qRdqY9w2XduFNUgvOwhNnQsjwCp+kqaQ==}
    engines: {node: '>=6'}

  tslib@2.6.2:
    resolution: {integrity: sha512-AEYxH93jGFPn/a2iVAwW87VuUIkR1FVUKB77NwMF7nBTDkDrrT/Hpt/IrCJ0QXhW27jTBDcf5ZY7w6RiqTMw2Q==}

  typescript@5.4.5:
    resolution: {integrity: sha512-vcI4UpRgg81oIRUFwR0WSIHKt11nJ7SAVlYNIu+QpqeyXP+gpQJy/Z4+F0aGxSE4MqwjyXvW/TzgkLAx2AGHwQ==}
    engines: {node: '>=14.17'}
    hasBin: true

  update-browserslist-db@1.0.13:
    resolution: {integrity: sha512-xebP81SNcPuNpPP3uzeW1NYXxI3rxyJzF3pD6sH4jE7o/IX+WtSpwnVU+qIsDPyk0d3hmFQ7mjqc6AtV604hbg==}
    hasBin: true
    peerDependencies:
      browserslist: '>= 4.21.0'

  watchpack@2.4.0:
    resolution: {integrity: sha512-Lcvm7MGST/4fup+ifyKi2hjyIAwcdI4HRgtvTpIUxBRhB+RFtUh8XtDOxUfctVCnhVi+QQj49i91OyvzkJl6cg==}
    engines: {node: '>=10.13.0'}

  webpack-sources@3.2.3:
    resolution: {integrity: sha512-/DyMEOrDgLKKIG0fmvtz+4dUX/3Ghozwgm6iPp8KRhvn+eQf9+Q7GWxVNMk3+uCPWfdXYC4ExGBckIXdFEfH1w==}
    engines: {node: '>=10.13.0'}

  zod-validation-error@1.3.1:
    resolution: {integrity: sha512-cNEXpla+tREtNdAnNKY4xKY1SGOn2yzyuZMu4O0RQylX9apRpUjNcPkEc3uHIAr5Ct7LenjZt6RzjEH6+JsqVQ==}
    engines: {node: '>=16.0.0'}
    peerDependencies:
      zod: ^3.18.0

  zod@3.22.4:
    resolution: {integrity: sha512-iC+8Io04lddc+mVqQ9AZ7OQ2MrUKGN+oIQyq1vemgt46jwCwLfhq7/pwnBnNXXXZb8VTVLKwp9EDkx+ryxIWmg==}

snapshots:

  '@babel/runtime@7.24.4':
    dependencies:
      regenerator-runtime: 0.14.0

  '@module-federation/runtime-tools@0.1.6':
    dependencies:
      '@module-federation/runtime': 0.1.6
      '@module-federation/webpack-bundler-runtime': 0.1.6

  '@module-federation/runtime@0.1.6':
    dependencies:
      '@module-federation/sdk': 0.1.6

  '@module-federation/sdk@0.1.6': {}

  '@module-federation/webpack-bundler-runtime@0.1.6':
    dependencies:
      '@module-federation/runtime': 0.1.6
      '@module-federation/sdk': 0.1.6

  '@nutui/icons-react@1.0.4': {}

  '@nutui/nutui-react@2.6.0(react-dom@18.2.0(react@18.2.0))(react@18.2.0)':
    dependencies:
      '@babel/runtime': 7.24.4
      '@nutui/icons-react': 1.0.4
      '@nutui/touch-emulator': 1.0.0
      '@react-spring/web': 9.6.1(react-dom@18.2.0(react@18.2.0))(react@18.2.0)
      '@use-gesture/react': 10.2.20(react@18.2.0)
      async-validator: 4.2.5
      classnames: 2.5.1
      lodash.isequal: 4.5.0
      lodash.kebabcase: 4.1.1
      react: 18.2.0
      react-transition-group: 4.4.5(react-dom@18.2.0(react@18.2.0))(react@18.2.0)
    transitivePeerDependencies:
      - react-dom

  '@nutui/touch-emulator@1.0.0': {}

  '@react-spring/animated@9.6.1(react@18.2.0)':
    dependencies:
      '@react-spring/shared': 9.6.1(react@18.2.0)
      '@react-spring/types': 9.6.1
      react: 18.2.0

  '@react-spring/core@9.6.1(react@18.2.0)':
    dependencies:
      '@react-spring/animated': 9.6.1(react@18.2.0)
      '@react-spring/rafz': 9.6.1
      '@react-spring/shared': 9.6.1(react@18.2.0)
      '@react-spring/types': 9.6.1
      react: 18.2.0

  '@react-spring/rafz@9.6.1': {}

  '@react-spring/shared@9.6.1(react@18.2.0)':
    dependencies:
      '@react-spring/rafz': 9.6.1
      '@react-spring/types': 9.6.1
      react: 18.2.0

  '@react-spring/types@9.6.1': {}

  '@react-spring/web@9.6.1(react-dom@18.2.0(react@18.2.0))(react@18.2.0)':
    dependencies:
      '@react-spring/animated': 9.6.1(react@18.2.0)
      '@react-spring/core': 9.6.1(react@18.2.0)
      '@react-spring/shared': 9.6.1(react@18.2.0)
      '@react-spring/types': 9.6.1
      react: 18.2.0
      react-dom: 18.2.0(react@18.2.0)

  '@rsbuild/core@0.6.3':
    dependencies:
      '@rsbuild/shared': 0.6.3(@swc/helpers@0.5.3)
      '@rspack/core': 0.6.2(@swc/helpers@0.5.3)
      '@swc/helpers': 0.5.3
      core-js: 3.36.1
      html-webpack-plugin: html-rspack-plugin@5.6.2(@rspack/core@0.6.2(@swc/helpers@0.5.3))
      postcss: 8.4.38

  '@rsbuild/plugin-react@0.6.3(@rsbuild/core@0.6.3)(@swc/helpers@0.5.3)':
    dependencies:
      '@rsbuild/core': 0.6.3
      '@rsbuild/shared': 0.6.3(@swc/helpers@0.5.3)
      '@rspack/plugin-react-refresh': 0.6.2(react-refresh@0.14.0)
      react-refresh: 0.14.0
    transitivePeerDependencies:
      - '@swc/helpers'

  '@rsbuild/shared@0.6.3(@swc/helpers@0.5.3)':
    dependencies:
      '@rspack/core': 0.6.2(@swc/helpers@0.5.3)
      caniuse-lite: 1.0.30001610
      postcss: 8.4.38
    transitivePeerDependencies:
      - '@swc/helpers'

  '@rspack/binding-darwin-arm64@0.6.2':
    optional: true

  '@rspack/binding-darwin-x64@0.6.2':
    optional: true

  '@rspack/binding-linux-arm64-gnu@0.6.2':
    optional: true

  '@rspack/binding-linux-arm64-musl@0.6.2':
    optional: true

  '@rspack/binding-linux-x64-gnu@0.6.2':
    optional: true

  '@rspack/binding-linux-x64-musl@0.6.2':
    optional: true

  '@rspack/binding-win32-arm64-msvc@0.6.2':
    optional: true

  '@rspack/binding-win32-ia32-msvc@0.6.2':
    optional: true

  '@rspack/binding-win32-x64-msvc@0.6.2':
    optional: true

  '@rspack/binding@0.6.2':
    optionalDependencies:
      '@rspack/binding-darwin-arm64': 0.6.2
      '@rspack/binding-darwin-x64': 0.6.2
      '@rspack/binding-linux-arm64-gnu': 0.6.2
      '@rspack/binding-linux-arm64-musl': 0.6.2
      '@rspack/binding-linux-x64-gnu': 0.6.2
      '@rspack/binding-linux-x64-musl': 0.6.2
      '@rspack/binding-win32-arm64-msvc': 0.6.2
      '@rspack/binding-win32-ia32-msvc': 0.6.2
      '@rspack/binding-win32-x64-msvc': 0.6.2

  '@rspack/core@0.6.2(@swc/helpers@0.5.3)':
    dependencies:
      '@module-federation/runtime-tools': 0.1.6
      '@rspack/binding': 0.6.2
      browserslist: 4.22.1
      enhanced-resolve: 5.12.0
      events: 3.3.0
      graceful-fs: 4.2.10
      json-parse-even-better-errors: 3.0.0
      neo-async: 2.6.2
      tapable: 2.2.1
      watchpack: 2.4.0
      webpack-sources: 3.2.3
      zod: 3.22.4
      zod-validation-error: 1.3.1(zod@3.22.4)
    optionalDependencies:
      '@swc/helpers': 0.5.3

  '@rspack/plugin-react-refresh@0.6.2(react-refresh@0.14.0)':
    optionalDependencies:
      react-refresh: 0.14.0

  '@swc/helpers@0.5.3':
    dependencies:
      tslib: 2.6.2

  '@types/prop-types@15.7.11': {}

  '@types/react-dom@18.2.15':
    dependencies:
      '@types/react': 18.2.37

  '@types/react@18.2.37':
    dependencies:
      '@types/prop-types': 15.7.11
      '@types/scheduler': 0.16.7
      csstype: 3.1.2

  '@types/scheduler@0.16.7': {}

  '@use-gesture/core@10.2.20': {}

  '@use-gesture/react@10.2.20(react@18.2.0)':
    dependencies:
      '@use-gesture/core': 10.2.20
      react: 18.2.0

  async-validator@4.2.5: {}

  browserslist@4.22.1:
    dependencies:
      caniuse-lite: 1.0.30001563
      electron-to-chromium: 1.4.589
      node-releases: 2.0.13
      update-browserslist-db: 1.0.13(browserslist@4.22.1)

  caniuse-lite@1.0.30001563: {}

  caniuse-lite@1.0.30001610: {}

  classnames@2.5.1: {}

  core-js@3.36.1: {}

  csstype@3.1.2: {}

  dom-helpers@5.2.1:
    dependencies:
      '@babel/runtime': 7.24.4
      csstype: 3.1.2

  electron-to-chromium@1.4.589: {}

  enhanced-resolve@5.12.0:
    dependencies:
      graceful-fs: 4.2.11
      tapable: 2.2.1

  escalade@3.1.1: {}

  events@3.3.0: {}

  glob-to-regexp@0.4.1: {}

  graceful-fs@4.2.10: {}

  graceful-fs@4.2.11: {}

  html-rspack-plugin@5.6.2(@rspack/core@0.6.2(@swc/helpers@0.5.3)):
    dependencies:
      lodash: 4.17.21
      tapable: 2.2.1
    optionalDependencies:
      '@rspack/core': 0.6.2(@swc/helpers@0.5.3)

  js-tokens@4.0.0: {}

  json-parse-even-better-errors@3.0.0: {}

  lodash.isequal@4.5.0: {}

  lodash.kebabcase@4.1.1: {}

  lodash@4.17.21: {}

  loose-envify@1.4.0:
    dependencies:
      js-tokens: 4.0.0

  nanoid@3.3.7: {}

  neo-async@2.6.2: {}

  node-releases@2.0.13: {}

  object-assign@4.1.1: {}

  picocolors@1.0.0: {}

  postcss@8.4.38:
    dependencies:
      nanoid: 3.3.7
      picocolors: 1.0.0
      source-map-js: 1.2.0

  prop-types@15.8.1:
    dependencies:
      loose-envify: 1.4.0
      object-assign: 4.1.1
      react-is: 16.13.1

  react-dom@18.2.0(react@18.2.0):
    dependencies:
      loose-envify: 1.4.0
      react: 18.2.0
      scheduler: 0.23.0

  react-is@16.13.1: {}

  react-refresh@0.14.0: {}

  react-transition-group@4.4.5(react-dom@18.2.0(react@18.2.0))(react@18.2.0):
    dependencies:
      '@babel/runtime': 7.24.4
      dom-helpers: 5.2.1
      loose-envify: 1.4.0
      prop-types: 15.8.1
      react: 18.2.0
      react-dom: 18.2.0(react@18.2.0)

  react@18.2.0:
    dependencies:
      loose-envify: 1.4.0

  regenerator-runtime@0.14.0: {}

  scheduler@0.23.0:
    dependencies:
      loose-envify: 1.4.0

  source-map-js@1.2.0: {}

  tapable@2.2.1: {}

  tslib@2.6.2: {}

  typescript@5.4.5: {}

  update-browserslist-db@1.0.13(browserslist@4.22.1):
    dependencies:
      browserslist: 4.22.1
      escalade: 3.1.1
      picocolors: 1.0.0

  watchpack@2.4.0:
    dependencies:
      glob-to-regexp: 0.4.1
      graceful-fs: 4.2.11

  webpack-sources@3.2.3: {}

  zod-validation-error@1.3.1(zod@3.22.4):
    dependencies:
      zod: 3.22.4

  zod@3.22.4: {}
